id: pll_sdrpll
label: sdrpll
category: '[pll]'

templates:
  imports: import pll
  make: pll.sdrpll(${bw_hz}, ${detector_type}, ${filt_order}, ${period}, ${nco_base_freq_hz}, ${k_d}, ${k_o}, ${custom_params}, ${w0}, ${a2}, ${a3}, ${b3})

#  Make one 'parameters' list entry for every parameter you want settable from the GUI.
#     Keys include:
#     * id (makes the value accessible as \$keyname, e.g. in the make entry)
#     * label (label shown in the GUI)
#     * dtype (e.g. int, float, complex, byte, short, xxx_vector, ...)
parameters:
- id: bw_hz
  label: PLL loop filter bandwidth [Hz]
  dtype: float
  default: 50
  
- id: detector_type
  label: Phase Detector type
  dtype: int
  default: '1'
  options: ['1','2']
  option_labels: ['Four Quadrant ATAN', 'Two Quadrant ATAN']
  hide: part
  
- id: filt_order
  label: PLL filter order
  dtype: int
  default: '2'
  options: ['1','2','3']
  option_labels: ['First order', 'Second Order', 'Third Order']
  
- id: period
  label: PLL loop period [s]
  dtype: float
  default: '1/samp_rate'
  
- id: nco_base_freq_hz
  label: NCO free runing frequency [Hz]
  dtype: float
  default: 0
  
- id: k_o
  label: NCO gain (Ko)
  dtype: float
  default: 1
  
- id: k_d
  label: Phase detector gain (Kd)
  dtype: float
  default: 1
  
- id: custom_params
  label: PLL loop filter custom paramters
  dtype: bool
  defaut: 'False'
  options: ['True', 'False']
  
- id: w0
  label: Natural frequency [Hz]
  dtype: float
  default: 1.0
  
- id: a2
  label: PLL filter a_2 coeficient
  dtype: float
  default: 0.0
    
- id: a3
  label: PLL filter a_3 coeficient
  dtype: float
  default: 0.0
  
- id: b3
  label: PLL filter b_3 coeficient
  dtype: float
  default: 0.0
  
  

#  Make one 'inputs' list entry per input and one 'outputs' list entry per output.
#  Keys include:
#      * label (an identifier for the GUI)
#      * domain (optional - stream or message. Default is stream)
#      * dtype (e.g. int, float, complex, byte, short, xxx_vector, ...)
#      * vlen (optional - data stream vector length. Default is 1)
#      * optional (optional - set to 1 for optional inputs. Default is 0)
inputs:
- label: IN
  dtype: complex

outputs:
- label: NCO OUT
  dtype: complex
  
- label: FREQ OUT
  dtype: float
  optional: true
  

#  'file_format' specifies the version of the GRC yml format used in the file
#  and should usually not be changed.
file_format: 1
